
Microsoft Visual Studio Solution File, Format Version 12.00
# Visual Studio Version 17
VisualStudioVersion = 17.7.34031.279
MinimumVisualStudioVersion = 10.0.40219.1
Project("{FAE04EC0-301F-11D3-BF4B-00C04F79EFBC}") = "MathQuiz2", "MathQuiz2\MathQuiz2.csproj", "{1A5FBB1E-16D0-490B-A460-5D4121FEF5B7}"
EndProject
Global
	GlobalSection(SolutionConfigurationPlatforms) = preSolution
		Debug|Any CPU = Debug|Any CPU
		Release|Any CPU = Release|Any CPU
	EndGlobalSection
	GlobalSection(ProjectConfigurationPlatforms) = postSolution
		{1A5FBB1E-16D0-490B-A460-5D4121FEF5B7}.Debug|Any CPU.ActiveCfg = Debug|Any CPU
		{1A5FBB1E-16D0-490B-A460-5D4121FEF5B7}.Debug|Any CPU.Build.0 = Debug|Any CPU
		{1A5FBB1E-16D0-490B-A460-5D4121FEF5B7}.Release|Any CPU.ActiveCfg = Release|Any CPU
		{1A5FBB1E-16D0-490B-A460-5D4121FEF5B7}.Release|Any CPU.Build.0 = Release|Any CPU
	EndGlobalSection
	GlobalSection(SolutionProperties) = preSolution
		HideSolutionNode = FALSE
	EndGlobalSection
	GlobalSection(ExtensibilityGlobals) = postSolution
		SolutionGuid = {A0D4EABB-1A99-4493-B888-3E29C4E09B37}
	EndGlobalSection
EndGlobal
